
Microsoft Visual Studio Solution File, Format Version 12.00
# Visual Studio 15
VisualStudioVersion = 15.0.27428.2005
MinimumVisualStudioVersion = 10.0.40219.1
Project("{FAE04EC0-301F-11D3-BF4B-00C04F79EFBC}") = "Card Class", "Card Class\Card Class.csproj", "{CA6DD4C7-CC42-453D-8604-85D21F210C04}"
EndProject
Global
	GlobalSection(SolutionConfigurationPlatforms) = preSolution
		Debug|Any CPU = Debug|Any CPU
		Release|Any CPU = Release|Any CPU
	EndGlobalSection
	GlobalSection(ProjectConfigurationPlatforms) = postSolution
		{CA6DD4C7-CC42-453D-8604-85D21F210C04}.Debug|Any CPU.ActiveCfg = Debug|Any CPU
		{CA6DD4C7-CC42-453D-8604-85D21F210C04}.Debug|Any CPU.Build.0 = Debug|Any CPU
		{CA6DD4C7-CC42-453D-8604-85D21F210C04}.Release|Any CPU.ActiveCfg = Release|Any CPU
		{CA6DD4C7-CC42-453D-8604-85D21F210C04}.Release|Any CPU.Build.0 = Release|Any CPU
	EndGlobalSection
	GlobalSection(SolutionProperties) = preSolution
		HideSolutionNode = FALSE
	EndGlobalSection
	GlobalSection(ExtensibilityGlobals) = postSolution
		SolutionGuid = {042479C4-FC36-4DD9-9C09-9092A26FD1CE}
	EndGlobalSection
EndGlobal
